
Microsoft Visual Studio Solution File, Format Version 12.00
# Visual Studio Version 16
VisualStudioVersion = 16.0.32106.194
MinimumVisualStudioVersion = 10.0.40219.1
Project("{FAE04EC0-301F-11D3-BF4B-00C04F79EFBC}") = "IntroduccionClases", "IntroduccionClases\IntroduccionClases.csproj", "{BC50827E-C8D8-4F9D-A2E1-643F72F85029}"
EndProject
Global
	GlobalSection(SolutionConfigurationPlatforms) = preSolution
		Debug|Any CPU = Debug|Any CPU
		Release|Any CPU = Release|Any CPU
	EndGlobalSection
	GlobalSection(ProjectConfigurationPlatforms) = postSolution
		{BC50827E-C8D8-4F9D-A2E1-643F72F85029}.Debug|Any CPU.ActiveCfg = Debug|Any CPU
		{BC50827E-C8D8-4F9D-A2E1-643F72F85029}.Debug|Any CPU.Build.0 = Debug|Any CPU
		{BC50827E-C8D8-4F9D-A2E1-643F72F85029}.Release|Any CPU.ActiveCfg = Release|Any CPU
		{BC50827E-C8D8-4F9D-A2E1-643F72F85029}.Release|Any CPU.Build.0 = Release|Any CPU
	EndGlobalSection
	GlobalSection(SolutionProperties) = preSolution
		HideSolutionNode = FALSE
	EndGlobalSection
	GlobalSection(ExtensibilityGlobals) = postSolution
		SolutionGuid = {37F75E9F-330A-42BD-8D72-E6C5D43A1EE8}
	EndGlobalSection
EndGlobal
